
Microsoft Visual Studio Solution File, Format Version 12.00
# Visual Studio Version 17
VisualStudioVersion = 17.1.32120.378
MinimumVisualStudioVersion = 10.0.40219.1
Project("{9A19103F-16F7-4668-BE54-9A1E7A4F7556}") = "BlazingTrails.Client", "BlazingTrails.Client\BlazingTrails.Client.csproj", "{D8648D01-F77B-48C6-8C97-1D5B34CE377F}"
EndProject
Project("{9A19103F-16F7-4668-BE54-9A1E7A4F7556}") = "BlazingTrails.Api", "BlazingTrails.Api\BlazingTrails.Api.csproj", "{D366ED65-04A3-493B-8DC8-DDA76D5C9601}"
EndProject
Project("{9A19103F-16F7-4668-BE54-9A1E7A4F7556}") = "BlazingTrails.Shared", "BlazingTrails.Shared\BlazingTrails.Shared.csproj", "{8C7DD1A2-078B-4165-B04E-05DA975F9C62}"
EndProject
Project("{9A19103F-16F7-4668-BE54-9A1E7A4F7556}") = "BlazingTrails.ComponentLibrary", "BlazingTrails.ComponentLibrary\BlazingTrails.ComponentLibrary.csproj", "{510B326C-7B57-42BE-99D5-DD14C86A6B68}"
EndProject
Project("{2150E333-8FDC-42A3-9474-1A3956D46DE8}") = "Solution Items", "Solution Items", "{06E900BA-3E7B-415D-AD15-DF9184F08F5F}"
	ProjectSection(SolutionItems) = preProject
		.editorconfig = .editorconfig
	EndProjectSection
EndProject
Global
	GlobalSection(SolutionConfigurationPlatforms) = preSolution
		Debug|Any CPU = Debug|Any CPU
		Release|Any CPU = Release|Any CPU
	EndGlobalSection
	GlobalSection(ProjectConfigurationPlatforms) = postSolution
		{D8648D01-F77B-48C6-8C97-1D5B34CE377F}.Debug|Any CPU.ActiveCfg = Debug|Any CPU
		{D8648D01-F77B-48C6-8C97-1D5B34CE377F}.Debug|Any CPU.Build.0 = Debug|Any CPU
		{D8648D01-F77B-48C6-8C97-1D5B34CE377F}.Release|Any CPU.ActiveCfg = Release|Any CPU
		{D8648D01-F77B-48C6-8C97-1D5B34CE377F}.Release|Any CPU.Build.0 = Release|Any CPU
		{D366ED65-04A3-493B-8DC8-DDA76D5C9601}.Debug|Any CPU.ActiveCfg = Debug|Any CPU
		{D366ED65-04A3-493B-8DC8-DDA76D5C9601}.Debug|Any CPU.Build.0 = Debug|Any CPU
		{D366ED65-04A3-493B-8DC8-DDA76D5C9601}.Release|Any CPU.ActiveCfg = Release|Any CPU
		{D366ED65-04A3-493B-8DC8-DDA76D5C9601}.Release|Any CPU.Build.0 = Release|Any CPU
		{8C7DD1A2-078B-4165-B04E-05DA975F9C62}.Debug|Any CPU.ActiveCfg = Debug|Any CPU
		{8C7DD1A2-078B-4165-B04E-05DA975F9C62}.Debug|Any CPU.Build.0 = Debug|Any CPU
		{8C7DD1A2-078B-4165-B04E-05DA975F9C62}.Release|Any CPU.ActiveCfg = Release|Any CPU
		{8C7DD1A2-078B-4165-B04E-05DA975F9C62}.Release|Any CPU.Build.0 = Release|Any CPU
		{510B326C-7B57-42BE-99D5-DD14C86A6B68}.Debug|Any CPU.ActiveCfg = Debug|Any CPU
		{510B326C-7B57-42BE-99D5-DD14C86A6B68}.Debug|Any CPU.Build.0 = Debug|Any CPU
		{510B326C-7B57-42BE-99D5-DD14C86A6B68}.Release|Any CPU.ActiveCfg = Release|Any CPU
		{510B326C-7B57-42BE-99D5-DD14C86A6B68}.Release|Any CPU.Build.0 = Release|Any CPU
	EndGlobalSection
	GlobalSection(SolutionProperties) = preSolution
		HideSolutionNode = FALSE
	EndGlobalSection
	GlobalSection(ExtensibilityGlobals) = postSolution
		SolutionGuid = {D83F8004-1AE8-4512-8423-C908A9D6C682}
	EndGlobalSection
EndGlobal
